<?xml version="1.0" encoding="utf-8"?>
<Project ToolsVersion="4.0" xmlns="http://schemas.microsoft.com/developer/msbuild/2003">
  <ItemGroup>
    <Filter Include="Resource Files">
      <UniqueIdentifier>{67DA6AB6-F800-4c08-8B7A-83BB121AAD01}</UniqueIdentifier>
      <Extensions>rc;ico;cur;bmp;dlg;rc2;rct;bin;rgs;gif;jpg;jpeg;jpe;resx;tiff;tif;png;wav;mfcribbon-ms</Extensions>
    </Filter>
    <Filter Include="graphics">
      <UniqueIdentifier>{3c574dcf-9d13-4c90-bbf8-ce0e45929e7a}</UniqueIdentifier>
    </Filter>
    <Filter Include="sprites">
      <UniqueIdentifier>{b55c2c75-f1bc-4ed3-9e66-acaf9ad41651}</UniqueIdentifier>
    </Filter>
    <Filter Include="timers">
      <UniqueIdentifier>{65c1e204-b777-4b0d-b1c7-34f2f85aa72f}</UniqueIdentifier>
    </Filter>
  </ItemGroup>
  <ItemGroup>
    <ClInclude Include="makefile" />
    <ClInclude Include="cab202_graphics.h">
      <Filter>graphics</Filter>
    </ClInclude>
    <ClInclude Include="cab202_sprites.h">
      <Filter>sprites</Filter>
    </ClInclude>
    <ClInclude Include="cab202_timers.h">
      <Filter>timers</Filter>
    </ClInclude>
  </ItemGroup>
  <ItemGroup>
    <ClCompile Include="cab202_graphics.c">
      <Filter>graphics</Filter>
    </ClCompile>
    <ClCompile Include="cab202_sprites.c">
      <Filter>sprites</Filter>
    </ClCompile>
    <ClCompile Include="cab202_timers.c">
      <Filter>timers</Filter>
    </ClCompile>
  </ItemGroup>
  <ItemGroup>
    <None Include="bumpRev.bash" />
    <None Include="Worksheet.bash" />
    <None Include="refresh-files.bash" />
  </ItemGroup>
</Project>